
Microsoft Visual Studio Solution File, Format Version 12.00
# Visual Studio 2013
VisualStudioVersion = 12.0.40629.0
MinimumVisualStudioVersion = 10.0.40219.1
Project("{FAE04EC0-301F-11D3-BF4B-00C04F79EFBC}") = "Firebase-Cloud-Messaging-Net", "Firebase-Cloud-Messaging-Net\Firebase-Cloud-Messaging-Net.csproj", "{BDBDFC2C-66C4-47CA-BFCE-6B5B8B699121}"
EndProject
Project("{FAE04EC0-301F-11D3-BF4B-00C04F79EFBC}") = "Tests", "Tests\Tests.csproj", "{C24D0758-719B-4F67-85C9-8BD0346173CD}"
EndProject
Global
	GlobalSection(SolutionConfigurationPlatforms) = preSolution
		Debug|Any CPU = Debug|Any CPU
		Release|Any CPU = Release|Any CPU
	EndGlobalSection
	GlobalSection(ProjectConfigurationPlatforms) = postSolution
		{BDBDFC2C-66C4-47CA-BFCE-6B5B8B699121}.Debug|Any CPU.ActiveCfg = Debug|Any CPU
		{BDBDFC2C-66C4-47CA-BFCE-6B5B8B699121}.Debug|Any CPU.Build.0 = Debug|Any CPU
		{BDBDFC2C-66C4-47CA-BFCE-6B5B8B699121}.Release|Any CPU.ActiveCfg = Release|Any CPU
		{BDBDFC2C-66C4-47CA-BFCE-6B5B8B699121}.Release|Any CPU.Build.0 = Release|Any CPU
		{C24D0758-719B-4F67-85C9-8BD0346173CD}.Debug|Any CPU.ActiveCfg = Debug|Any CPU
		{C24D0758-719B-4F67-85C9-8BD0346173CD}.Debug|Any CPU.Build.0 = Debug|Any CPU
		{C24D0758-719B-4F67-85C9-8BD0346173CD}.Release|Any CPU.ActiveCfg = Release|Any CPU
		{C24D0758-719B-4F67-85C9-8BD0346173CD}.Release|Any CPU.Build.0 = Release|Any CPU
	EndGlobalSection
	GlobalSection(SolutionProperties) = preSolution
		HideSolutionNode = FALSE
	EndGlobalSection
EndGlobal
